
Microsoft Visual Studio Solution File, Format Version 11.00
# Visual Basic Express 2010
Project("{F184B08F-C81C-45F6-A57F-5ABD9991F28F}") = "Wish Account Checker By Amir v0.3", "Wish Account Checker By Amir v0.3\Wish Account Checker By Amir v0.3.vbproj", "{E85CD319-8592-4A31-8259-1DE649855BF1}"
EndProject
Global
	GlobalSection(SolutionConfigurationPlatforms) = preSolution
		Debug|x86 = Debug|x86
		Release|x86 = Release|x86
	EndGlobalSection
	GlobalSection(ProjectConfigurationPlatforms) = postSolution
		{E85CD319-8592-4A31-8259-1DE649855BF1}.Debug|x86.ActiveCfg = Debug|x86
		{E85CD319-8592-4A31-8259-1DE649855BF1}.Debug|x86.Build.0 = Debug|x86
		{E85CD319-8592-4A31-8259-1DE649855BF1}.Release|x86.ActiveCfg = Release|x86
		{E85CD319-8592-4A31-8259-1DE649855BF1}.Release|x86.Build.0 = Release|x86
	EndGlobalSection
	GlobalSection(SolutionProperties) = preSolution
		HideSolutionNode = FALSE
	EndGlobalSection
EndGlobal
